
Microsoft Visual Studio Solution File, Format Version 12.00
# Visual Studio Version 17
VisualStudioVersion = 17.5.33502.453
MinimumVisualStudioVersion = 10.0.40219.1
Project("{9A19103F-16F7-4668-BE54-9A1E7A4F7556}") = "Bonus.SourceGen", "Bonus.SourceGen\Bonus.SourceGen.csproj", "{7FE4FDE6-EE45-4DBD-B0D8-17BAFE724649}"
EndProject
Project("{2150E333-8FDC-42A3-9474-1A3956D46DE8}") = "Common", "Common", "{F0106765-EAEB-45FC-B8D6-A0312E54B835}"
	ProjectSection(SolutionItems) = preProject
		..\.editorconfig = ..\.editorconfig
		Directory.Build.props = Directory.Build.props
		..\README.md = ..\README.md
	EndProjectSection
EndProject
Project("{9A19103F-16F7-4668-BE54-9A1E7A4F7556}") = "Bonus.SourceGen.Integration", "Bonus.SourceGen.Integration\Bonus.SourceGen.Integration.csproj", "{1BA969C3-CB94-4145-94AC-350B1BC19931}"
EndProject
Project("{9A19103F-16F7-4668-BE54-9A1E7A4F7556}") = "Bonus.SourceGen.Gen", "Bonus.SourceGen.Gen\Bonus.SourceGen.Gen.csproj", "{34C295F8-ED3A-4681-BAC3-1695C36A0D50}"
EndProject
Project("{9A19103F-16F7-4668-BE54-9A1E7A4F7556}") = "Bonus.SourceGen.Gen.Test", "Bonus.SourceGen.Gen.Test\Bonus.SourceGen.Gen.Test.csproj", "{A3D224EF-45FD-46A0-853E-CDDFA645F0B9}"
EndProject
Global
	GlobalSection(SolutionConfigurationPlatforms) = preSolution
		Debug|Any CPU = Debug|Any CPU
		Release|Any CPU = Release|Any CPU
	EndGlobalSection
	GlobalSection(ProjectConfigurationPlatforms) = postSolution
		{7FE4FDE6-EE45-4DBD-B0D8-17BAFE724649}.Debug|Any CPU.ActiveCfg = Debug|Any CPU
		{7FE4FDE6-EE45-4DBD-B0D8-17BAFE724649}.Debug|Any CPU.Build.0 = Debug|Any CPU
		{7FE4FDE6-EE45-4DBD-B0D8-17BAFE724649}.Release|Any CPU.ActiveCfg = Release|Any CPU
		{7FE4FDE6-EE45-4DBD-B0D8-17BAFE724649}.Release|Any CPU.Build.0 = Release|Any CPU
		{1BA969C3-CB94-4145-94AC-350B1BC19931}.Debug|Any CPU.ActiveCfg = Debug|Any CPU
		{1BA969C3-CB94-4145-94AC-350B1BC19931}.Debug|Any CPU.Build.0 = Debug|Any CPU
		{1BA969C3-CB94-4145-94AC-350B1BC19931}.Release|Any CPU.ActiveCfg = Release|Any CPU
		{1BA969C3-CB94-4145-94AC-350B1BC19931}.Release|Any CPU.Build.0 = Release|Any CPU
		{34C295F8-ED3A-4681-BAC3-1695C36A0D50}.Debug|Any CPU.ActiveCfg = Debug|Any CPU
		{34C295F8-ED3A-4681-BAC3-1695C36A0D50}.Debug|Any CPU.Build.0 = Debug|Any CPU
		{34C295F8-ED3A-4681-BAC3-1695C36A0D50}.Release|Any CPU.ActiveCfg = Release|Any CPU
		{34C295F8-ED3A-4681-BAC3-1695C36A0D50}.Release|Any CPU.Build.0 = Release|Any CPU
		{A3D224EF-45FD-46A0-853E-CDDFA645F0B9}.Debug|Any CPU.ActiveCfg = Debug|Any CPU
		{A3D224EF-45FD-46A0-853E-CDDFA645F0B9}.Debug|Any CPU.Build.0 = Debug|Any CPU
		{A3D224EF-45FD-46A0-853E-CDDFA645F0B9}.Release|Any CPU.ActiveCfg = Release|Any CPU
		{A3D224EF-45FD-46A0-853E-CDDFA645F0B9}.Release|Any CPU.Build.0 = Release|Any CPU
	EndGlobalSection
	GlobalSection(SolutionProperties) = preSolution
		HideSolutionNode = FALSE
	EndGlobalSection
	GlobalSection(ExtensibilityGlobals) = postSolution
		SolutionGuid = {78C53F72-2196-440D-AF9C-3059D2CC08A5}
	EndGlobalSection
EndGlobal
